{
    "name": "tabbar自定义底部标签栏菜单",
    "version": "v1.1.1",
    "lockfileVersion": 1,
    "requires": true,
    "dependencies": {
        "@vue/devtools-api": {
            "version": "6.6.3",
            "resolved": "https://registry.npmmirror.com/@vue/devtools-api/-/devtools-api-6.6.3.tgz",
            "integrity": "sha512-0MiMsFma/HqA6g3KLKn+AGpL1kgKhFWszC9U29NfpWK5LE7bjeXxySWJrOJ77hBz+TBrBQ7o4QJqbPbqbs8rJw=="
        },
        "asynckit": {
            "version": "0.4.0",
            "resolved": "https://registry.npmmirror.com/asynckit/-/asynckit-0.4.0.tgz",
            "integrity": "sha512-Oei9OH4tRh0YqU3GxhX79dM/mwVgvbZJaSNaRk+bshkj0S5cfHcgYakreBjrHwatXKbz+IoIdYLxrKim2MjW0Q=="
        },
        "axios": {
            "version": "0.26.0",
            "resolved": "https://registry.npmmirror.com/axios/-/axios-0.26.0.tgz",
            "integrity": "sha512-lKoGLMYtHvFrPVt3r+RBMp9nh34N0M8zEfCWqdWZx6phynIEhQqAdydpyBAAG211zlhX9Rgu08cOamy6XjE5Og==",
            "requires": {
                "follow-redirects": "^1.14.8"
            }
        },
        "axios-miniprogram-adapter": {
            "version": "0.3.5",
            "resolved": "https://registry.npmmirror.com/axios-miniprogram-adapter/-/axios-miniprogram-adapter-0.3.5.tgz",
            "integrity": "sha512-ZAudH+aTi0QPIy8IQm26F0nxKoTFa/mNhDfxGkG5ndsQe4RVnyyb6f50tIT13nHtNepAjZo9i+UGmTbke5+lbQ==",
            "requires": {
                "axios": "^0.19.2"
            },
            "dependencies": {
                "axios": {
                    "version": "0.19.2",
                    "resolved": "https://registry.npmmirror.com/axios/-/axios-0.19.2.tgz",
                    "integrity": "sha512-fjgm5MvRHLhx+osE2xoekY70AhARk3a6hkN+3Io1jc00jtquGvxYlKlsFUhmUET0V5te6CcZI7lcv2Ym61mjHA==",
                    "requires": {
                        "follow-redirects": "1.5.10"
                    }
                },
                "follow-redirects": {
                    "version": "1.5.10",
                    "resolved": "https://registry.npmmirror.com/follow-redirects/-/follow-redirects-1.5.10.tgz",
                    "integrity": "sha512-0V5l4Cizzvqt5D44aTXbFZz+FtyXV1vrDN6qrelxtfYQKW0KO0W2T/hkE8xvGa/540LkZlkaUjO4ailYTFtHVQ==",
                    "requires": {
                        "debug": "=3.1.0"
                    }
                }
            }
        },
        "combined-stream": {
            "version": "1.0.8",
            "resolved": "https://registry.npmmirror.com/combined-stream/-/combined-stream-1.0.8.tgz",
            "integrity": "sha512-FQN4MRfuJeHf7cBbBMJFXhKSDq+2kAArBlmRBvcvFE5BB1HZKXtSFASDhdlz9zOYwxh8lDdnvmMOe/+5cdoEdg==",
            "requires": {
                "delayed-stream": "~1.0.0"
            }
        },
        "debug": {
            "version": "3.1.0",
            "resolved": "https://registry.npmmirror.com/debug/-/debug-3.1.0.tgz",
            "integrity": "sha512-OX8XqP7/1a9cqkxYw2yXss15f26NKWBpDXQd0/uK/KPqdQhxbPa994hnzjcE2VqQpDslf55723cKPUOGSmMY3g==",
            "requires": {
                "ms": "2.0.0"
            }
        },
        "delayed-stream": {
            "version": "1.0.0",
            "resolved": "https://registry.npmmirror.com/delayed-stream/-/delayed-stream-1.0.0.tgz",
            "integrity": "sha512-ZySD7Nf91aLB0RxL4KGrKHBXl7Eds1DAmEdcoVawXnLD7SDhpNgtuII2aAkg7a7QS41jxPSZ17p4VdGnMHk3MQ=="
        },
        "follow-redirects": {
            "version": "1.15.6",
            "resolved": "https://registry.npmmirror.com/follow-redirects/-/follow-redirects-1.15.6.tgz",
            "integrity": "sha512-wWN62YITEaOpSK584EZXJafH1AGpO8RVgElfkuXbTOrPX4fIfOyEpW/CsiNd8JdYrAoOvafRTOEnvsO++qCqFA=="
        },
        "form-data": {
            "version": "4.0.0",
            "resolved": "https://registry.npmmirror.com/form-data/-/form-data-4.0.0.tgz",
            "integrity": "sha512-ETEklSGi5t0QMZuiXoA/Q6vcnxcLQP5vdugSpuAyi6SVGi2clPPp+xgEhuMaHC+zGgn31Kd235W35f7Hykkaww==",
            "requires": {
                "asynckit": "^0.4.0",
                "combined-stream": "^1.0.8",
                "mime-types": "^2.1.12"
            }
        },
        "mime-db": {
            "version": "1.52.0",
            "resolved": "https://registry.npmmirror.com/mime-db/-/mime-db-1.52.0.tgz",
            "integrity": "sha512-sPU4uV7dYlvtWJxwwxHD0PuihVNiE7TyAbQ5SWxDCB9mUYvOgroQOwYQQOKPJ8CIbE+1ETVlOoK1UC2nU3gYvg=="
        },
        "mime-types": {
            "version": "2.1.35",
            "resolved": "https://registry.npmmirror.com/mime-types/-/mime-types-2.1.35.tgz",
            "integrity": "sha512-ZDY+bPm5zTTF+YpCrAU9nK0UgICYPT0QtT1NZWFv4s++TNkcgVaT0g6+4R2uI4MjQjzysHB1zxuWL50hzaeXiw==",
            "requires": {
                "mime-db": "1.52.0"
            }
        },
        "ms": {
            "version": "2.0.0",
            "resolved": "https://registry.npmmirror.com/ms/-/ms-2.0.0.tgz",
            "integrity": "sha512-Tpp60P6IUJDTuOq/5Z8cdskzJujfwqfOTkrwIwj7IRISpnkJnT6SyJ4PCPnGMoFjC9ddhal5KVIYtAt97ix05A=="
        },
        "pinia": {
            "version": "2.2.2",
            "resolved": "https://registry.npmmirror.com/pinia/-/pinia-2.2.2.tgz",
            "integrity": "sha512-ja2XqFWZC36mupU4z1ZzxeTApV7DOw44cV4dhQ9sGwun+N89v/XP7+j7q6TanS1u1tdbK4r+1BUx7heMaIdagA==",
            "requires": {
                "@vue/devtools-api": "^6.6.3",
                "vue-demi": "^0.14.10"
            }
        },
        "pinia-plugin-persistedstate": {
            "version": "3.2.3",
            "resolved": "https://registry.npmmirror.com/pinia-plugin-persistedstate/-/pinia-plugin-persistedstate-3.2.3.tgz",
            "integrity": "sha512-Cm819WBj/s5K5DGw55EwbXDtx+EZzM0YR5AZbq9XE3u0xvXwvX2JnWoFpWIcdzISBHqy9H1UiSIUmXyXqWsQRQ=="
        },
        "proxy-from-env": {
            "version": "1.1.0",
            "resolved": "https://registry.npmmirror.com/proxy-from-env/-/proxy-from-env-1.1.0.tgz",
            "integrity": "sha512-D+zkORCbA9f1tdWRK0RaCR3GPv50cMxcrz4X8k5LTSUD1Dkw47mKJEZQNunItRTkWwgtaUSo1RVFRIG9ZXiFYg=="
        },
        "vue-demi": {
            "version": "0.14.10",
            "resolved": "https://registry.npmmirror.com/vue-demi/-/vue-demi-0.14.10.tgz",
            "integrity": "sha512-nMZBOwuzabUO0nLgIcc6rycZEebF6eeUfaiQx9+WSk8e29IbLvPU9feI6tqW4kTo3hvoYAJkMh8n8D0fuISphg=="
        }
    }
}
